
Microsoft Visual Studio Solution File, Format Version 12.00
# Visual Studio Version 17
VisualStudioVersion = 17.5.002.0
MinimumVisualStudioVersion = 10.0.40219.1
Project("{9A19103F-16F7-4668-BE54-9A1E7A4F7556}") = "PortFolioII", "PortFolioII.csproj", "{93A11D18-CBF6-418B-BC6E-F7C98518C752}"
EndProject
Global
	GlobalSection(SolutionConfigurationPlatforms) = preSolution
		Debug|Any CPU = Debug|Any CPU
		Release|Any CPU = Release|Any CPU
	EndGlobalSection
	GlobalSection(ProjectConfigurationPlatforms) = postSolution
		{93A11D18-CBF6-418B-BC6E-F7C98518C752}.Debug|Any CPU.ActiveCfg = Debug|Any CPU
		{93A11D18-CBF6-418B-BC6E-F7C98518C752}.Debug|Any CPU.Build.0 = Debug|Any CPU
		{93A11D18-CBF6-418B-BC6E-F7C98518C752}.Release|Any CPU.ActiveCfg = Release|Any CPU
		{93A11D18-CBF6-418B-BC6E-F7C98518C752}.Release|Any CPU.Build.0 = Release|Any CPU
	EndGlobalSection
	GlobalSection(SolutionProperties) = preSolution
		HideSolutionNode = FALSE
	EndGlobalSection
	GlobalSection(ExtensibilityGlobals) = postSolution
		SolutionGuid = {1EBCD2AA-6E95-4F63-9AE5-39D0116C0425}
	EndGlobalSection
EndGlobal
